
Microsoft Visual Studio Solution File, Format Version 12.00
# Visual Studio Version 16
VisualStudioVersion = 16.0.30611.23
MinimumVisualStudioVersion = 10.0.40219.1
Project("{FAE04EC0-301F-11D3-BF4B-00C04F79EFBC}") = "SharedLibrary", "SharedLibrary\SharedLibrary.csproj", "{21B59E79-2832-4EEA-B57F-8AB2C0A7144D}"
EndProject
Global
	GlobalSection(SolutionConfigurationPlatforms) = preSolution
		Debug|Any CPU = Debug|Any CPU
		Release|Any CPU = Release|Any CPU
	EndGlobalSection
	GlobalSection(ProjectConfigurationPlatforms) = postSolution
		{21B59E79-2832-4EEA-B57F-8AB2C0A7144D}.Debug|Any CPU.ActiveCfg = Debug|Any CPU
		{21B59E79-2832-4EEA-B57F-8AB2C0A7144D}.Debug|Any CPU.Build.0 = Debug|Any CPU
		{21B59E79-2832-4EEA-B57F-8AB2C0A7144D}.Release|Any CPU.ActiveCfg = Release|Any CPU
		{21B59E79-2832-4EEA-B57F-8AB2C0A7144D}.Release|Any CPU.Build.0 = Release|Any CPU
	EndGlobalSection
	GlobalSection(SolutionProperties) = preSolution
		HideSolutionNode = FALSE
	EndGlobalSection
	GlobalSection(ExtensibilityGlobals) = postSolution
		SolutionGuid = {5B02D29E-A288-4A1D-A2BC-98CDB347F530}
	EndGlobalSection
EndGlobal
